<?xml version="1.0" encoding="utf-8"?>
<Project ToolsVersion="4.0" xmlns="http://schemas.microsoft.com/developer/msbuild/2003">
  <ItemGroup>
    <Filter Include="File di origine">
      <UniqueIdentifier>{4FC737F1-C7A5-4376-A066-2A32D752A2FF}</UniqueIdentifier>
      <Extensions>cpp;c;cc;cxx;c++;cppm;ixx;def;odl;idl;hpj;bat;asm;asmx</Extensions>
    </Filter>
    <Filter Include="File di risorse">
      <UniqueIdentifier>{67DA6AB6-F800-4c08-8B7A-83BB121AAD01}</UniqueIdentifier>
      <Extensions>rc;ico;cur;bmp;dlg;rc2;rct;bin;rgs;gif;jpg;jpeg;jpe;resx;tiff;tif;png;wav;mfcribbon-ms</Extensions>
    </Filter>
    <Filter Include="File di intestazione">
      <UniqueIdentifier>{93995380-89BD-4b04-88EB-625FBE52EBFB}</UniqueIdentifier>
      <Extensions>h;hh;hpp;hxx;h++;hm;inl;inc;ipp;xsd</Extensions>
    </Filter>
  </ItemGroup>
  <ItemGroup>
    <ClCompile Include="Origine.cpp">
      <Filter>File di origine</Filter>
    </ClCompile>
    <ClCompile Include="Pos.cpp">
      <Filter>File di origine</Filter>
    </ClCompile>
    <ClCompile Include="AttackMap.cpp">
      <Filter>File di origine</Filter>
    </ClCompile>
    <ClCompile Include="ControlAttack.cpp">
      <Filter>File di origine</Filter>
    </ClCompile>
    <ClCompile Include="ControlDefence.cpp">
      <Filter>File di origine</Filter>
    </ClCompile>
    <ClCompile Include="DefenceMap.cpp">
      <Filter>File di origine</Filter>
    </ClCompile>
    <ClCompile Include="Support.cpp">
      <Filter>File di origine</Filter>
    </ClCompile>
    <ClCompile Include="Submarine.cpp">
      <Filter>File di origine</Filter>
    </ClCompile>
    <ClCompile Include="Cruiser.cpp">
      <Filter>File di origine</Filter>
    </ClCompile>
    <ClCompile Include="Component.cpp">
      <Filter>File di origine</Filter>
    </ClCompile>
    <ClCompile Include="Ship.cpp">
      <Filter>File di origine</Filter>
    </ClCompile>
    <ClCompile Include="ControlMap.cpp">
      <Filter>File di origine</Filter>
    </ClCompile>
    <ClCompile Include="Map.cpp">
      <Filter>File di origine</Filter>
    </ClCompile>
    <ClCompile Include="Game.cpp">
      <Filter>File di origine</Filter>
    </ClCompile>
    <ClCompile Include="GameState.cpp">
      <Filter>File di origine</Filter>
    </ClCompile>
    <ClCompile Include="PlacementGameState.cpp">
      <Filter>File di origine</Filter>
    </ClCompile>
    <ClCompile Include="Sheet.cpp">
      <Filter>File di origine</Filter>
    </ClCompile>
    <ClCompile Include="PlayGameState.cpp">
      <Filter>File di origine</Filter>
    </ClCompile>
    <ClCompile Include="Player.cpp">
      <Filter>File di origine</Filter>
    </ClCompile>
    <ClCompile Include="Human.cpp">
      <Filter>File di origine</Filter>
    </ClCompile>
    <ClCompile Include="Computer.cpp">
      <Filter>File di origine</Filter>
    </ClCompile>
    <ClCompile Include="ReplayGameState.cpp">
      <Filter>File di origine</Filter>
    </ClCompile>
    <ClCompile Include="LogManipulator.cpp">
      <Filter>File di origine</Filter>
    </ClCompile>
  </ItemGroup>
  <ItemGroup>
    <ClInclude Include="Pos.h">
      <Filter>File di intestazione</Filter>
    </ClInclude>
    <ClInclude Include="AttackMap.h">
      <Filter>File di intestazione</Filter>
    </ClInclude>
    <ClInclude Include="ControlAttack.h">
      <Filter>File di intestazione</Filter>
    </ClInclude>
    <ClInclude Include="ControlDefence.h">
      <Filter>File di intestazione</Filter>
    </ClInclude>
    <ClInclude Include="DefenceMap.h">
      <Filter>File di intestazione</Filter>
    </ClInclude>
    <ClInclude Include="AttackMap.fwd.h">
      <Filter>File di intestazione</Filter>
    </ClInclude>
    <ClInclude Include="Component.h">
      <Filter>File di intestazione</Filter>
    </ClInclude>
    <ClInclude Include="ControlAttack.fwd.h">
      <Filter>File di intestazione</Filter>
    </ClInclude>
    <ClInclude Include="ControlDefence.fwd.h">
      <Filter>File di intestazione</Filter>
    </ClInclude>
    <ClInclude Include="ControlMap.fwd.h">
      <Filter>File di intestazione</Filter>
    </ClInclude>
    <ClInclude Include="Cruiser.h">
      <Filter>File di intestazione</Filter>
    </ClInclude>
    <ClInclude Include="DefenceMap.fwd.h">
      <Filter>File di intestazione</Filter>
    </ClInclude>
    <ClInclude Include="Map.fwd.h">
      <Filter>File di intestazione</Filter>
    </ClInclude>
    <ClInclude Include="Ship.h">
      <Filter>File di intestazione</Filter>
    </ClInclude>
    <ClInclude Include="Submarine.h">
      <Filter>File di intestazione</Filter>
    </ClInclude>
    <ClInclude Include="Support.h">
      <Filter>File di intestazione</Filter>
    </ClInclude>
    <ClInclude Include="ControlMap.h">
      <Filter>File di intestazione</Filter>
    </ClInclude>
    <ClInclude Include="Map.h">
      <Filter>File di intestazione</Filter>
    </ClInclude>
    <ClInclude Include="Game.fwd.h">
      <Filter>File di intestazione</Filter>
    </ClInclude>
    <ClInclude Include="Game.h">
      <Filter>File di intestazione</Filter>
    </ClInclude>
    <ClInclude Include="GameState.h">
      <Filter>File di intestazione</Filter>
    </ClInclude>
    <ClInclude Include="PlacementGameState.h">
      <Filter>File di intestazione</Filter>
    </ClInclude>
    <ClInclude Include="Sheet.h">
      <Filter>File di intestazione</Filter>
    </ClInclude>
    <ClInclude Include="PlayGameState.h">
      <Filter>File di intestazione</Filter>
    </ClInclude>
    <ClInclude Include="Player.h">
      <Filter>File di intestazione</Filter>
    </ClInclude>
    <ClInclude Include="Human.h">
      <Filter>File di intestazione</Filter>
    </ClInclude>
    <ClInclude Include="Computer.h">
      <Filter>File di intestazione</Filter>
    </ClInclude>
    <ClInclude Include="ReplayGameState.h">
      <Filter>File di intestazione</Filter>
    </ClInclude>
    <ClInclude Include="LogManipulator.h">
      <Filter>File di intestazione</Filter>
    </ClInclude>
    <ClInclude Include="Ship.fwd.h">
      <Filter>File di intestazione</Filter>
    </ClInclude>
    <ClInclude Include="Sheet.fwd.h">
      <Filter>File di intestazione</Filter>
    </ClInclude>
    <ClInclude Include="Player.fwd.h">
      <Filter>File di intestazione</Filter>
    </ClInclude>
  </ItemGroup>
</Project>